
Microsoft Visual Studio Solution File, Format Version 12.00
# Visual Studio 2012
Project("{FAE04EC0-301F-11D3-BF4B-00C04F79EFBC}") = "RhetosDsl", "RhetosDsl\RhetosDsl.csproj", "{208F874E-7E7C-46F3-8E02-2817B48032D2}"
EndProject
Global
	GlobalSection(SolutionConfigurationPlatforms) = preSolution
		Debug|Any CPU = Debug|Any CPU
		Release|Any CPU = Release|Any CPU
	EndGlobalSection
	GlobalSection(ProjectConfigurationPlatforms) = postSolution
		{208F874E-7E7C-46F3-8E02-2817B48032D2}.Debug|Any CPU.ActiveCfg = Debug|Any CPU
		{208F874E-7E7C-46F3-8E02-2817B48032D2}.Debug|Any CPU.Build.0 = Debug|Any CPU
		{208F874E-7E7C-46F3-8E02-2817B48032D2}.Release|Any CPU.ActiveCfg = Release|Any CPU
		{208F874E-7E7C-46F3-8E02-2817B48032D2}.Release|Any CPU.Build.0 = Release|Any CPU
	EndGlobalSection
	GlobalSection(SolutionProperties) = preSolution
		HideSolutionNode = FALSE
	EndGlobalSection
EndGlobal
